
Microsoft Visual Studio Solution File, Format Version 12.00
# Visual Studio Version 17
VisualStudioVersion = 17.4.33213.308
MinimumVisualStudioVersion = 10.0.40219.1
Project("{9A19103F-16F7-4668-BE54-9A1E7A4F7556}") = "DispatcherApp", "DispatcherApp\DispatcherApp.csproj", "{80948303-24B7-4EE7-9A2F-F03D54E27676}"
EndProject
Global
	GlobalSection(SolutionConfigurationPlatforms) = preSolution
		Debug|Any CPU = Debug|Any CPU
		Release|Any CPU = Release|Any CPU
	EndGlobalSection
	GlobalSection(ProjectConfigurationPlatforms) = postSolution
		{80948303-24B7-4EE7-9A2F-F03D54E27676}.Debug|Any CPU.ActiveCfg = Debug|Any CPU
		{80948303-24B7-4EE7-9A2F-F03D54E27676}.Debug|Any CPU.Build.0 = Debug|Any CPU
		{80948303-24B7-4EE7-9A2F-F03D54E27676}.Release|Any CPU.ActiveCfg = Release|Any CPU
		{80948303-24B7-4EE7-9A2F-F03D54E27676}.Release|Any CPU.Build.0 = Release|Any CPU
	EndGlobalSection
	GlobalSection(SolutionProperties) = preSolution
		HideSolutionNode = FALSE
	EndGlobalSection
	GlobalSection(ExtensibilityGlobals) = postSolution
		SolutionGuid = {BDEED89B-0417-4D23-A347-E093C3FF6197}
	EndGlobalSection
EndGlobal
